{
  "nodes": {
    "bun2nix": {
      "inputs": {
        "flake-parts": [
          "nix-ai-tools",
          "flake-parts"
        ],
        "nixpkgs": [
          "nix-ai-tools",
          "nixpkgs"
        ],
        "systems": [
          "nix-ai-tools",
          "systems"
        ],
        "treefmt-nix": [
          "nix-ai-tools",
          "treefmt-nix"
        ]
      },
      "locked": {
        "lastModified": 1790001035,
        "narHash": "sha256-1/SLBjSYBzDdDhvLQ83wrzBakyS/xNGgtxHGNuveOEQ=",
        "owner": "Mic92",
        "repo": "bun2nix",
        "rev": "07a5bfc8ac36c5370199343fa620b69f63186e33",
        "type": "github"
      },
      "original": {
        "owner": "Mic92",
        "ref": "llm-agents",
        "repo": "bun2nix",
        "type": "github"
      }
    },
    "flake-parts": {
      "inputs": {
        "nixpkgs-lib": [
          "nix-ai-tools",
          "nixpkgs"
        ]
      },
      "locked": {
        "lastModified": 1790898470,
        "narHash": "sha256-zTwuwezD0w3hpga6a6P8emidzAZFyWqlNeRBlpWOOl8=",
        "owner": "hercules-ci",
        "repo": "flake-parts",
        "rev": "024633cd702b10285db5cb19b40ad48d2399ba60",
        "type": "github"
      },
      "original": {
        "owner": "hercules-ci",
        "repo": "flake-parts",
        "type": "github"
      }
    },
    "flake-utils": {
      "inputs": {
        "systems": [
          "systems"
        ]
      },
      "locked": {
        "lastModified": 1731533236,
        "narHash": "sha256-l0KFg5HjrsfsO/JpG+r7fRrqm12kzFHyUHqHCVpMMbI=",
        "owner": "numtide",
        "repo": "flake-utils",
        "rev": "11707dc2f618dd54ca8739b309ec4fc024de578b",
        "type": "github"
      },
      "original": {
        "owner": "numtide",
        "repo": "flake-utils",
        "type": "github"
      }
    },
    "freetype2": {
      "flake": false,
      "locked": {
        "lastModified": 1723459814,
        "narHash": "sha256-4l90lDtpgm5xlh2m7ifrqNy373DTRTULRkAzicrM93c=",
        "owner": "freetype",
        "repo": "freetype",
        "rev": "42608f77f20749dd6ddc9e0536788eaad70ea4b5",
        "type": "github"
      },
      "original": {
        "owner": "freetype",
        "ref": "VER-2-13-3",
        "repo": "freetype",
        "type": "github"
      }
    },
    "harfbuzz": {
      "flake": false,
      "locked": {
        "lastModified": 1747068667,
        "narHash": "sha256-VxN0lsFnW0vHnIXZ806Lg2NU0/ESnE6z249mXPhfas8=",
        "owner": "harfbuzz",
        "repo": "harfbuzz",
        "rev": "33a3f8de60dcad7535f14f07d6710144548853ac",
        "type": "github"
      },
      "original": {
        "owner": "harfbuzz",
        "ref": "11.2.1",
        "repo": "harfbuzz",
        "type": "github"
      }
    },
    "libpng": {
      "flake": false,
      "locked": {
        "lastModified": 1726173884,
        "narHash": "sha256-gBfHgGaqVYdmhWXoNKZzPyGzyw2rr3zp+DjWmfC41jk=",
        "owner": "pnggroup",
        "repo": "libpng",
        "rev": "f5e92d76973a7a53f517579bc95d61483bf108c0",
        "type": "github"
      },
      "original": {
        "owner": "pnggroup",
        "ref": "v1.6.44",
        "repo": "libpng",
        "type": "github"
      }
    },
    "nix-ai-tools": {
      "inputs": {
        "bun2nix": "bun2nix",
        "flake-parts": "flake-parts",
        "nixpkgs": "nixpkgs",
        "systems": [
          "systems"
        ],
        "treefmt-nix": "treefmt-nix"
      },
      "locked": {
        "lastModified": 1791089625,
        "narHash": "sha256-0MHqf09PIjbpfg7KhUN/r1vGJ9OS5A2TSMq99n+Y7XU=",
        "owner": "numtide",
        "repo": "nix-ai-tools",
        "rev": "372f0337e8170e55ff0c017cd43ab73b02a062ad",
        "type": "github"
      },
      "original": {
        "owner": "numtide",
        "repo": "nix-ai-tools",
        "type": "github"
      }
    },
    "nixpkgs": {
      "locked": {
        "lastModified": 1790600678,
        "narHash": "sha256-6k3n7X2UsZ6tAlWTz99RimiZab+17tMUrw9sRUcELiA=",
        "owner": "NixOS",
        "repo": "nixpkgs",
        "rev": "f45c6f04c2f013f004bf94e284e95d72898d9393",
        "type": "github"
      },
      "original": {
        "owner": "NixOS",
        "ref": "nixpkgs-unstable",
        "repo": "nixpkgs",
        "type": "github"
      }
    },
    "nixpkgs_2": {
      "locked": {
        "lastModified": 1791048980,
        "narHash": "sha256-KgItSKML8Xvte0B7/uGnBDsYzSnnKHcOaiUbgWBXLXw=",
        "owner": "NixOS",
        "repo": "nixpkgs",
        "rev": "a7868a727837f3c09cee2ce0ca671c76b1589fed",
        "type": "github"
      },
      "original": {
        "owner": "NixOS",
        "ref": "nixos-unstable",
        "repo": "nixpkgs",
        "type": "github"
      }
    },
    "nixpkgs_3": {
      "locked": {
        "lastModified": 1744536153,
        "narHash": "sha256-awS2zRgF4uTwrOKwwiJcByDzDOdo3Q1rPZbiHQg/N38=",
        "owner": "NixOS",
        "repo": "nixpkgs",
        "rev": "18dd725c29603f582cf1900e0d25f9f1063dbf11",
        "type": "github"
      },
      "original": {
        "owner": "NixOS",
        "ref": "nixpkgs-unstable",
        "repo": "nixpkgs",
        "type": "github"
      }
    },
    "nixpkgs_4": {
      "locked": {
        "lastModified": 1785602060,
        "narHash": "sha256-z7D96eESRM4CPV/XtwpwFn8IDdfLAmxz6lVWrGYXvR4=",
        "owner": "NixOS",
        "repo": "nixpkgs",
        "rev": "a5cbcfe954791221bfffe2307f7d1a1bf61a871e",
        "type": "github"
      },
      "original": {
        "owner": "NixOS",
        "ref": "nixpkgs-unstable",
        "repo": "nixpkgs",
        "type": "github"
      }
    },
    "root": {
      "inputs": {
        "nix-ai-tools": "nix-ai-tools",
        "nixpkgs": "nixpkgs_2",
        "rust-overlay": "rust-overlay",
        "systems": "systems",
        "wezterm": "wezterm"
      }
    },
    "rust-overlay": {
      "inputs": {
        "nixpkgs": "nixpkgs_3"
      },
      "locked": {
        "lastModified": 1791101754,
        "narHash": "sha256-y/GF+9B0t0TZ0nQiSRMqDXpr76yT7sdDbS/3GNLhzkE=",
        "owner": "oxalica",
        "repo": "rust-overlay",
        "rev": "dbc715a4b7c0ace63b9769a032d1dd34cd89e5bd",
        "type": "github"
      },
      "original": {
        "owner": "oxalica",
        "repo": "rust-overlay",
        "type": "github"
      }
    },
    "rust-overlay_2": {
      "inputs": {
        "nixpkgs": [
          "wezterm",
          "nixpkgs"
        ]
      },
      "locked": {
        "lastModified": 1780715792,
        "narHash": "sha256-4+8gPeiPeud89mjo865RwpqmKwa1MThRsq2SvRxo7mg=",
        "owner": "oxalica",
        "repo": "rust-overlay",
        "rev": "27b7e78c6935293ee868469cc4172e9b8b17823b",
        "type": "github"
      },
      "original": {
        "owner": "oxalica",
        "repo": "rust-overlay",
        "type": "github"
      }
    },
    "systems": {
      "locked": {
        "lastModified": 1680978846,
        "narHash": "sha256-Gtqg8b/v49BFDpDetjclCYXm8mAnTrUzR0JnE2nv5aw=",
        "owner": "nix-systems",
        "repo": "x86_64-linux",
        "rev": "2ecfcac5e15790ba6ce360ceccddb15ad16d08a8",
        "type": "github"
      },
      "original": {
        "owner": "nix-systems",
        "repo": "x86_64-linux",
        "type": "github"
      }
    },
    "treefmt-nix": {
      "inputs": {
        "nixpkgs": [
          "nix-ai-tools",
          "nixpkgs"
        ]
      },
      "locked": {
        "lastModified": 1786901030,
        "narHash": "sha256-WSFCsDSE5ffgD2MqzkM2CYjeFiKhRF/dJUN8uedb6YE=",
        "owner": "numtide",
        "repo": "treefmt-nix",
        "rev": "27b3b12a8e6375f28ebe122f07d230ca5459bbfa",
        "type": "github"
      },
      "original": {
        "owner": "numtide",
        "repo": "treefmt-nix",
        "type": "github"
      }
    },
    "wezterm": {
      "inputs": {
        "flake-utils": "flake-utils",
        "freetype2": "freetype2",
        "harfbuzz": "harfbuzz",
        "libpng": "libpng",
        "nixpkgs": "nixpkgs_4",
        "rust-overlay": "rust-overlay_2",
        "zlib": "zlib"
      },
      "locked": {
        "dir": "nix",
        "lastModified": 1790649229,
        "narHash": "sha256-0hboZJ1hxh158RbFxLB6EdNkZJL+eDnNSSo/2fh6Tyk=",
        "owner": "wez",
        "repo": "wezterm",
        "rev": "cab25161054c50fd6c705db4ceefef0f1e5a9575",
        "type": "github"
      },
      "original": {
        "dir": "nix",
        "owner": "wez",
        "repo": "wezterm",
        "type": "github"
      }
    },
    "zlib": {
      "flake": false,
      "locked": {
        "lastModified": 1705948357,
        "narHash": "sha256-TkPLWSN5QcPlL9D0kc/yhH0/puE9bFND24aj5NVDKYs=",
        "owner": "madler",
        "repo": "zlib",
        "rev": "51b7f2abdade71cd9bb0e7a373ef2610ec6f9daf",
        "type": "github"
      },
      "original": {
        "owner": "madler",
        "ref": "v1.3.1",
        "repo": "zlib",
        "type": "github"
      }
    }
  },
  "root": "root",
  "version": 7
}
